
Microsoft Visual Studio Solution File, Format Version 12.00
# Visual Studio Version 16
VisualStudioVersion = 16.0.31515.178
MinimumVisualStudioVersion = 10.0.40219.1
Project("{FAE04EC0-301F-11D3-BF4B-00C04F79EFBC}") = "WeatherReport.Android", "WeatherReport\WeatherReport.Android\WeatherReport.Android.csproj", "{621CD3CD-F21A-4F12-A6EB-5123B2DC3A55}"
EndProject
Project("{FAE04EC0-301F-11D3-BF4B-00C04F79EFBC}") = "WeatherReport.iOS", "WeatherReport\WeatherReport.iOS\WeatherReport.iOS.csproj", "{427E1212-E115-4943-8200-3D56738C8108}"
EndProject
Project("{FAE04EC0-301F-11D3-BF4B-00C04F79EFBC}") = "WeatherReport", "WeatherReport\WeatherReport\WeatherReport.csproj", "{A7812095-32C1-4AE6-A7F3-2FDFBCD7B263}"
EndProject
Global
	GlobalSection(SolutionConfigurationPlatforms) = preSolution
		Debug|Any CPU = Debug|Any CPU
		Debug|iPhone = Debug|iPhone
		Debug|iPhoneSimulator = Debug|iPhoneSimulator
		Release|Any CPU = Release|Any CPU
		Release|iPhone = Release|iPhone
		Release|iPhoneSimulator = Release|iPhoneSimulator
	EndGlobalSection
	GlobalSection(ProjectConfigurationPlatforms) = postSolution
		{621CD3CD-F21A-4F12-A6EB-5123B2DC3A55}.Debug|Any CPU.ActiveCfg = Debug|Any CPU
		{621CD3CD-F21A-4F12-A6EB-5123B2DC3A55}.Debug|Any CPU.Build.0 = Debug|Any CPU
		{621CD3CD-F21A-4F12-A6EB-5123B2DC3A55}.Debug|Any CPU.Deploy.0 = Debug|Any CPU
		{621CD3CD-F21A-4F12-A6EB-5123B2DC3A55}.Debug|iPhone.ActiveCfg = Debug|Any CPU
		{621CD3CD-F21A-4F12-A6EB-5123B2DC3A55}.Debug|iPhone.Build.0 = Debug|Any CPU
		{621CD3CD-F21A-4F12-A6EB-5123B2DC3A55}.Debug|iPhone.Deploy.0 = Debug|Any CPU
		{621CD3CD-F21A-4F12-A6EB-5123B2DC3A55}.Debug|iPhoneSimulator.ActiveCfg = Debug|Any CPU
		{621CD3CD-F21A-4F12-A6EB-5123B2DC3A55}.Debug|iPhoneSimulator.Build.0 = Debug|Any CPU
		{621CD3CD-F21A-4F12-A6EB-5123B2DC3A55}.Debug|iPhoneSimulator.Deploy.0 = Debug|Any CPU
		{621CD3CD-F21A-4F12-A6EB-5123B2DC3A55}.Release|Any CPU.ActiveCfg = Release|Any CPU
		{621CD3CD-F21A-4F12-A6EB-5123B2DC3A55}.Release|Any CPU.Build.0 = Release|Any CPU
		{621CD3CD-F21A-4F12-A6EB-5123B2DC3A55}.Release|Any CPU.Deploy.0 = Release|Any CPU
		{621CD3CD-F21A-4F12-A6EB-5123B2DC3A55}.Release|iPhone.ActiveCfg = Release|Any CPU
		{621CD3CD-F21A-4F12-A6EB-5123B2DC3A55}.Release|iPhone.Build.0 = Release|Any CPU
		{621CD3CD-F21A-4F12-A6EB-5123B2DC3A55}.Release|iPhone.Deploy.0 = Release|Any CPU
		{621CD3CD-F21A-4F12-A6EB-5123B2DC3A55}.Release|iPhoneSimulator.ActiveCfg = Release|Any CPU
		{621CD3CD-F21A-4F12-A6EB-5123B2DC3A55}.Release|iPhoneSimulator.Build.0 = Release|Any CPU
		{621CD3CD-F21A-4F12-A6EB-5123B2DC3A55}.Release|iPhoneSimulator.Deploy.0 = Release|Any CPU
		{427E1212-E115-4943-8200-3D56738C8108}.Debug|Any CPU.ActiveCfg = Debug|iPhone
		{427E1212-E115-4943-8200-3D56738C8108}.Debug|Any CPU.Build.0 = Debug|iPhone
		{427E1212-E115-4943-8200-3D56738C8108}.Debug|Any CPU.Deploy.0 = Debug|iPhone
		{427E1212-E115-4943-8200-3D56738C8108}.Debug|iPhone.ActiveCfg = Debug|iPhone
		{427E1212-E115-4943-8200-3D56738C8108}.Debug|iPhone.Build.0 = Debug|iPhone
		{427E1212-E115-4943-8200-3D56738C8108}.Debug|iPhone.Deploy.0 = Debug|iPhone
		{427E1212-E115-4943-8200-3D56738C8108}.Debug|iPhoneSimulator.ActiveCfg = Debug|iPhoneSimulator
		{427E1212-E115-4943-8200-3D56738C8108}.Debug|iPhoneSimulator.Build.0 = Debug|iPhoneSimulator
		{427E1212-E115-4943-8200-3D56738C8108}.Debug|iPhoneSimulator.Deploy.0 = Debug|iPhoneSimulator
		{427E1212-E115-4943-8200-3D56738C8108}.Release|Any CPU.ActiveCfg = Release|iPhoneSimulator
		{427E1212-E115-4943-8200-3D56738C8108}.Release|Any CPU.Build.0 = Release|iPhoneSimulator
		{427E1212-E115-4943-8200-3D56738C8108}.Release|Any CPU.Deploy.0 = Release|iPhoneSimulator
		{427E1212-E115-4943-8200-3D56738C8108}.Release|iPhone.ActiveCfg = Release|iPhone
		{427E1212-E115-4943-8200-3D56738C8108}.Release|iPhone.Build.0 = Release|iPhone
		{427E1212-E115-4943-8200-3D56738C8108}.Release|iPhone.Deploy.0 = Release|iPhone
		{427E1212-E115-4943-8200-3D56738C8108}.Release|iPhoneSimulator.ActiveCfg = Release|iPhoneSimulator
		{427E1212-E115-4943-8200-3D56738C8108}.Release|iPhoneSimulator.Build.0 = Release|iPhoneSimulator
		{427E1212-E115-4943-8200-3D56738C8108}.Release|iPhoneSimulator.Deploy.0 = Release|iPhoneSimulator
		{A7812095-32C1-4AE6-A7F3-2FDFBCD7B263}.Debug|Any CPU.ActiveCfg = Debug|Any CPU
		{A7812095-32C1-4AE6-A7F3-2FDFBCD7B263}.Debug|Any CPU.Build.0 = Debug|Any CPU
		{A7812095-32C1-4AE6-A7F3-2FDFBCD7B263}.Debug|Any CPU.Deploy.0 = Debug|Any CPU
		{A7812095-32C1-4AE6-A7F3-2FDFBCD7B263}.Debug|iPhone.ActiveCfg = Debug|Any CPU
		{A7812095-32C1-4AE6-A7F3-2FDFBCD7B263}.Debug|iPhone.Build.0 = Debug|Any CPU
		{A7812095-32C1-4AE6-A7F3-2FDFBCD7B263}.Debug|iPhone.Deploy.0 = Debug|Any CPU
		{A7812095-32C1-4AE6-A7F3-2FDFBCD7B263}.Debug|iPhoneSimulator.ActiveCfg = Debug|Any CPU
		{A7812095-32C1-4AE6-A7F3-2FDFBCD7B263}.Debug|iPhoneSimulator.Build.0 = Debug|Any CPU
		{A7812095-32C1-4AE6-A7F3-2FDFBCD7B263}.Debug|iPhoneSimulator.Deploy.0 = Debug|Any CPU
		{A7812095-32C1-4AE6-A7F3-2FDFBCD7B263}.Release|Any CPU.ActiveCfg = Release|Any CPU
		{A7812095-32C1-4AE6-A7F3-2FDFBCD7B263}.Release|Any CPU.Build.0 = Release|Any CPU
		{A7812095-32C1-4AE6-A7F3-2FDFBCD7B263}.Release|Any CPU.Deploy.0 = Release|Any CPU
		{A7812095-32C1-4AE6-A7F3-2FDFBCD7B263}.Release|iPhone.ActiveCfg = Release|Any CPU
		{A7812095-32C1-4AE6-A7F3-2FDFBCD7B263}.Release|iPhone.Build.0 = Release|Any CPU
		{A7812095-32C1-4AE6-A7F3-2FDFBCD7B263}.Release|iPhone.Deploy.0 = Release|Any CPU
		{A7812095-32C1-4AE6-A7F3-2FDFBCD7B263}.Release|iPhoneSimulator.ActiveCfg = Release|Any CPU
		{A7812095-32C1-4AE6-A7F3-2FDFBCD7B263}.Release|iPhoneSimulator.Build.0 = Release|Any CPU
		{A7812095-32C1-4AE6-A7F3-2FDFBCD7B263}.Release|iPhoneSimulator.Deploy.0 = Release|Any CPU
	EndGlobalSection
	GlobalSection(SolutionProperties) = preSolution
		HideSolutionNode = FALSE
	EndGlobalSection
	GlobalSection(ExtensibilityGlobals) = postSolution
		SolutionGuid = {F6E5D2DD-3F29-4FAD-8056-62BF546CB833}
	EndGlobalSection
EndGlobal
